
Microsoft Visual Studio Solution File, Format Version 12.00
# 
VisualStudioVersion = 17.5.002.0
MinimumVisualStudioVersion = 
Project("{FAE04EC0-301F-11D3-BF4B-00C04F79EFBC}") = "c-sharp", "c-sharp\c-sharp.csproj", "{2EC7A77E-B6F9-40C0-BDDA-55534A5A8E74}"
EndProject
Project("{2150E333-8FDC-42A3-9474-1A3956D46DE8}") = "c-sharp", "c-sharp", "{B158C07B-BD0C-49A4-9EAA-E86D155B1E73}"
EndProject
Project("{FAE04EC0-301F-11D3-BF4B-00C04F79EFBC}") = "DelegateTest", "DelegateTest\DelegateTest.csproj", "{1C27D7D7-5AE1-4AEE-9633-61A21A486A72}"
EndProject
Project("{FAE04EC0-301F-11D3-BF4B-00C04F79EFBC}") = "ServiceLocatorPattern", "ServiceLocatorPattern\ServiceLocatorPattern.csproj", "{1DB713C9-DAA5-4C97-B385-B1229F570A27}"
EndProject
Project("{FAE04EC0-301F-11D3-BF4B-00C04F79EFBC}") = "DependencyInjectionPattern", "DependencyInjectionPattern\DependencyInjectionPattern.csproj", "{C2ACB4D0-15FA-4304-861D-F60F92F7FC7F}"
EndProject
Project("{FAE04EC0-301F-11D3-BF4B-00C04F79EFBC}") = "DILifeCycle", "DILifeCycle\DILifeCycle.csproj", "{371A0B3B-EFDF-42FA-82F8-4042AA59D0A6}"
EndProject
Project("{FAE04EC0-301F-11D3-BF4B-00C04F79EFBC}") = "DependencyInjectionPattern.Tests", "DependencyInjectionPattern.Tests\DependencyInjectionPattern.Tests.csproj", "{DBB3DA51-E8CD-4626-8CA4-6F7B7FBAB693}"
EndProject
Project("{FAE04EC0-301F-11D3-BF4B-00C04F79EFBC}") = "ServiceLocatorPattern.Tests", "ServiceLocatorPattern.Tests\ServiceLocatorPattern.Tests.csproj", "{321411C3-F78B-4943-8DF3-EBE62616C237}"
EndProject
Global
	GlobalSection(SolutionConfigurationPlatforms) = preSolution
		Debug|Any CPU = Debug|Any CPU
		Release|Any CPU = Release|Any CPU
	EndGlobalSection
	GlobalSection(ProjectConfigurationPlatforms) = postSolution
		{2EC7A77E-B6F9-40C0-BDDA-55534A5A8E74}.Debug|Any CPU.ActiveCfg = Debug|Any CPU
		{2EC7A77E-B6F9-40C0-BDDA-55534A5A8E74}.Debug|Any CPU.Build.0 = Debug|Any CPU
		{2EC7A77E-B6F9-40C0-BDDA-55534A5A8E74}.Release|Any CPU.ActiveCfg = Release|Any CPU
		{2EC7A77E-B6F9-40C0-BDDA-55534A5A8E74}.Release|Any CPU.Build.0 = Release|Any CPU
		{1C27D7D7-5AE1-4AEE-9633-61A21A486A72}.Debug|Any CPU.ActiveCfg = Debug|Any CPU
		{1C27D7D7-5AE1-4AEE-9633-61A21A486A72}.Debug|Any CPU.Build.0 = Debug|Any CPU
		{1C27D7D7-5AE1-4AEE-9633-61A21A486A72}.Release|Any CPU.ActiveCfg = Release|Any CPU
		{1C27D7D7-5AE1-4AEE-9633-61A21A486A72}.Release|Any CPU.Build.0 = Release|Any CPU
		{1DB713C9-DAA5-4C97-B385-B1229F570A27}.Debug|Any CPU.ActiveCfg = Debug|Any CPU
		{1DB713C9-DAA5-4C97-B385-B1229F570A27}.Debug|Any CPU.Build.0 = Debug|Any CPU
		{1DB713C9-DAA5-4C97-B385-B1229F570A27}.Release|Any CPU.ActiveCfg = Release|Any CPU
		{1DB713C9-DAA5-4C97-B385-B1229F570A27}.Release|Any CPU.Build.0 = Release|Any CPU
		{C2ACB4D0-15FA-4304-861D-F60F92F7FC7F}.Debug|Any CPU.ActiveCfg = Debug|Any CPU
		{C2ACB4D0-15FA-4304-861D-F60F92F7FC7F}.Debug|Any CPU.Build.0 = Debug|Any CPU
		{C2ACB4D0-15FA-4304-861D-F60F92F7FC7F}.Release|Any CPU.ActiveCfg = Release|Any CPU
		{C2ACB4D0-15FA-4304-861D-F60F92F7FC7F}.Release|Any CPU.Build.0 = Release|Any CPU
		{371A0B3B-EFDF-42FA-82F8-4042AA59D0A6}.Debug|Any CPU.ActiveCfg = Debug|Any CPU
		{371A0B3B-EFDF-42FA-82F8-4042AA59D0A6}.Debug|Any CPU.Build.0 = Debug|Any CPU
		{371A0B3B-EFDF-42FA-82F8-4042AA59D0A6}.Release|Any CPU.ActiveCfg = Release|Any CPU
		{371A0B3B-EFDF-42FA-82F8-4042AA59D0A6}.Release|Any CPU.Build.0 = Release|Any CPU
		{DBB3DA51-E8CD-4626-8CA4-6F7B7FBAB693}.Debug|Any CPU.ActiveCfg = Debug|Any CPU
		{DBB3DA51-E8CD-4626-8CA4-6F7B7FBAB693}.Debug|Any CPU.Build.0 = Debug|Any CPU
		{DBB3DA51-E8CD-4626-8CA4-6F7B7FBAB693}.Release|Any CPU.ActiveCfg = Release|Any CPU
		{DBB3DA51-E8CD-4626-8CA4-6F7B7FBAB693}.Release|Any CPU.Build.0 = Release|Any CPU
		{321411C3-F78B-4943-8DF3-EBE62616C237}.Debug|Any CPU.ActiveCfg = Debug|Any CPU
		{321411C3-F78B-4943-8DF3-EBE62616C237}.Debug|Any CPU.Build.0 = Debug|Any CPU
		{321411C3-F78B-4943-8DF3-EBE62616C237}.Release|Any CPU.ActiveCfg = Release|Any CPU
		{321411C3-F78B-4943-8DF3-EBE62616C237}.Release|Any CPU.Build.0 = Release|Any CPU
	EndGlobalSection
	GlobalSection(SolutionProperties) = preSolution
		HideSolutionNode = FALSE
	EndGlobalSection
	GlobalSection(NestedProjects) = preSolution
		{2EC7A77E-B6F9-40C0-BDDA-55534A5A8E74} = {B158C07B-BD0C-49A4-9EAA-E86D155B1E73}
	EndGlobalSection
EndGlobal
